// !$*UTF8*$!
{
	archiveVersion = 1;
	classes = {
	};
	objectVersion = 56;
	objects = {

/* Begin PBXBuildFile section */
		5E01ED9429F1039500DCFC42 /* RecipeDetailView.swift in Sources */ = {isa = PBXBuildFile; fileRef = 5E01ED9329F1039500DCFC42 /* RecipeDetailView.swift */; };
		5E21AA232A00C71400802A1A /* Rational.swift in Sources */ = {isa = PBXBuildFile; fileRef = 5E21AA222A00C71400802A1A /* Rational.swift */; };
		5E21AA252A022DAF00802A1A /* HighlightsView.swift in Sources */ = {isa = PBXBuildFile; fileRef = 5E21AA242A022DAF00802A1A /* HighlightsView.swift */; };
		5E81AB2729EFAB3F006FC34F /* RecipesApp.swift in Sources */ = {isa = PBXBuildFile; fileRef = 5E81AB2629EFAB3F006FC34F /* RecipesApp.swift */; };
		5E81AB2929EFAB3F006FC34F /* RecipeListView.swift in Sources */ = {isa = PBXBuildFile; fileRef = 5E81AB2829EFAB3F006FC34F /* RecipeListView.swift */; };
		5E81AB2B29EFAB40006FC34F /* Assets.xcassets in Resources */ = {isa = PBXBuildFile; fileRef = 5E81AB2A29EFAB40006FC34F /* Assets.xcassets */; };
		5E81AB2E29EFAB40006FC34F /* Preview Assets.xcassets in Resources */ = {isa = PBXBuildFile; fileRef = 5E81AB2D29EFAB40006FC34F /* Preview Assets.xcassets */; };
		5E81AB3529EFAB81006FC34F /* recipes.json in Resources */ = {isa = PBXBuildFile; fileRef = 5E81AB3429EFAB81006FC34F /* recipes.json */; };
		5E81AB3E29EFBA11006FC34F /* Recipe.swift in Sources */ = {isa = PBXBuildFile; fileRef = 5E81AB3D29EFBA11006FC34F /* Recipe.swift */; };
		5E81AB4029EFBCF5006FC34F /* RecipeModel.swift in Sources */ = {isa = PBXBuildFile; fileRef = 5E81AB3F29EFBCF5006FC34F /* RecipeModel.swift */; };
		5E81AB4229EFBEE7006FC34F /* DataService.swift in Sources */ = {isa = PBXBuildFile; fileRef = 5E81AB4129EFBEE7006FC34F /* DataService.swift */; };
		5EFEB49229F8EA2D006EB431 /* FeaturesView.swift in Sources */ = {isa = PBXBuildFile; fileRef = 5EFEB49129F8EA2D006EB431 /* FeaturesView.swift */; };
		5EFEB49429F8EA59006EB431 /* RecipeTabView.swift in Sources */ = {isa = PBXBuildFile; fileRef = 5EFEB49329F8EA59006EB431 /* RecipeTabView.swift */; };
/* End PBXBuildFile section */

/* Begin PBXFileReference section */
		5E01ED9329F1039500DCFC42 /* RecipeDetailView.swift */ = {isa = PBXFileReference; lastKnownFileType = sourcecode.swift; path = RecipeDetailView.swift; sourceTree = "<group>"; };
		5E21AA222A00C71400802A1A /* Rational.swift */ = {isa = PBXFileReference; lastKnownFileType = sourcecode.swift; path = Rational.swift; sourceTree = "<group>"; };
		5E21AA242A022DAF00802A1A /* HighlightsView.swift */ = {isa = PBXFileReference; lastKnownFileType = sourcecode.swift; path = HighlightsView.swift; sourceTree = "<group>"; };
		5E81AB2329EFAB3F006FC34F /* Recipes.app */ = {isa = PBXFileReference; explicitFileType = wrapper.application; includeInIndex = 0; path = Recipes.app; sourceTree = BUILT_PRODUCTS_DIR; };
		5E81AB2629EFAB3F006FC34F /* RecipesApp.swift */ = {isa = PBXFileReference; lastKnownFileType = sourcecode.swift; path = RecipesApp.swift; sourceTree = "<group>"; };
		5E81AB2829EFAB3F006FC34F /* RecipeListView.swift */ = {isa = PBXFileReference; lastKnownFileType = sourcecode.swift; path = RecipeListView.swift; sourceTree = "<group>"; };
		5E81AB2A29EFAB40006FC34F /* Assets.xcassets */ = {isa = PBXFileReference; lastKnownFileType = folder.assetcatalog; path = Assets.xcassets; sourceTree = "<group>"; };
		5E81AB2D29EFAB40006FC34F /* Preview Assets.xcassets */ = {isa = PBXFileReference; lastKnownFileType = folder.assetcatalog; path = "Preview Assets.xcassets"; sourceTree = "<group>"; };
		5E81AB3429EFAB81006FC34F /* recipes.json */ = {isa = PBXFileReference; fileEncoding = 4; lastKnownFileType = text.json; path = recipes.json; sourceTree = "<group>"; };
		5E81AB3D29EFBA11006FC34F /* Recipe.swift */ = {isa = PBXFileReference; lastKnownFileType = sourcecode.swift; path = Recipe.swift; sourceTree = "<group>"; };
		5E81AB3F29EFBCF5006FC34F /* RecipeModel.swift */ = {isa = PBXFileReference; lastKnownFileType = sourcecode.swift; path = RecipeModel.swift; sourceTree = "<group>"; };
		5E81AB4129EFBEE7006FC34F /* DataService.swift */ = {isa = PBXFileReference; lastKnownFileType = sourcecode.swift; path = DataService.swift; sourceTree = "<group>"; };
		5EFEB49129F8EA2D006EB431 /* FeaturesView.swift */ = {isa = PBXFileReference; lastKnownFileType = sourcecode.swift; path = FeaturesView.swift; sourceTree = "<group>"; };
		5EFEB49329F8EA59006EB431 /* RecipeTabView.swift */ = {isa = PBXFileReference; fileEncoding = 4; lastKnownFileType = sourcecode.swift; path = RecipeTabView.swift; sourceTree = "<group>"; };
/* End PBXFileReference section */

/* Begin PBXFrameworksBuildPhase section */
		5E81AB2029EFAB3F006FC34F /* Frameworks */ = {
			isa = PBXFrameworksBuildPhase;
			buildActionMask = 2147483647;
			files = (
			);
			runOnlyForDeploymentPostprocessing = 0;
		};
/* End PBXFrameworksBuildPhase section */

/* Begin PBXGroup section */
		5E81AB1A29EFAB3F006FC34F = {
			isa = PBXGroup;
			children = (
				5E81AB2529EFAB3F006FC34F /* Recipes */,
				5E81AB2429EFAB3F006FC34F /* Products */,
			);
			sourceTree = "<group>";
		};
		5E81AB2429EFAB3F006FC34F /* Products */ = {
			isa = PBXGroup;
			children = (
				5E81AB2329EFAB3F006FC34F /* Recipes.app */,
			);
			name = Products;
			sourceTree = "<group>";
		};
		5E81AB2529EFAB3F006FC34F /* Recipes */ = {
			isa = PBXGroup;
			children = (
				5E81AB2629EFAB3F006FC34F /* RecipesApp.swift */,
				5E81AB3A29EFABCE006FC34F /* Data */,
				5E81AB3929EFABBF006FC34F /* Service */,
				5E81AB3829EFABAE006FC34F /* Views */,
				5E81AB3729EFABA5006FC34F /* ViewsModels */,
				5E81AB3629EFAB92006FC34F /* Model */,
				5E81AB2C29EFAB40006FC34F /* Preview Content */,
			);
			path = Recipes;
			sourceTree = "<group>";
		};
		5E81AB2C29EFAB40006FC34F /* Preview Content */ = {
			isa = PBXGroup;
			children = (
				5E81AB2D29EFAB40006FC34F /* Preview Assets.xcassets */,
			);
			path = "Preview Content";
			sourceTree = "<group>";
		};
		5E81AB3629EFAB92006FC34F /* Model */ = {
			isa = PBXGroup;
			children = (
				5E81AB3D29EFBA11006FC34F /* Recipe.swift */,
			);
			path = Model;
			sourceTree = "<group>";
		};
		5E81AB3729EFABA5006FC34F /* ViewsModels */ = {
			isa = PBXGroup;
			children = (
				5E81AB3F29EFBCF5006FC34F /* RecipeModel.swift */,
			);
			path = ViewsModels;
			sourceTree = "<group>";
		};
		5E81AB3829EFABAE006FC34F /* Views */ = {
			isa = PBXGroup;
			children = (
				5E81AB2829EFAB3F006FC34F /* RecipeListView.swift */,
				5EFEB49129F8EA2D006EB431 /* FeaturesView.swift */,
				5E21AA242A022DAF00802A1A /* HighlightsView.swift */,
				5EFEB49329F8EA59006EB431 /* RecipeTabView.swift */,
				5E01ED9329F1039500DCFC42 /* RecipeDetailView.swift */,
			);
			path = Views;
			sourceTree = "<group>";
		};
		5E81AB3929EFABBF006FC34F /* Service */ = {
			isa = PBXGroup;
			children = (
				5E21AA222A00C71400802A1A /* Rational.swift */,
				5E81AB4129EFBEE7006FC34F /* DataService.swift */,
			);
			name = Service;
			sourceTree = "<group>";
		};
		5E81AB3A29EFABCE006FC34F /* Data */ = {
			isa = PBXGroup;
			children = (
				5E81AB2A29EFAB40006FC34F /* Assets.xcassets */,
				5E81AB3429EFAB81006FC34F /* recipes.json */,
			);
			path = Data;
			sourceTree = "<group>";
		};
/* End PBXGroup section */

/* Begin PBXNativeTarget section */
		5E81AB2229EFAB3F006FC34F /* Recipes */ = {
			isa = PBXNativeTarget;
			buildConfigurationList = 5E81AB3129EFAB40006FC34F /* Build configuration list for PBXNativeTarget "Recipes" */;
			buildPhases = (
				5E81AB1F29EFAB3F006FC34F /* Sources */,
				5E81AB2029EFAB3F006FC34F /* Frameworks */,
				5E81AB2129EFAB3F006FC34F /* Resources */,
			);
			buildRules = (
			);
			dependencies = (
			);
			name = Recipes;
			productName = Recipes;
			productReference = 5E81AB2329EFAB3F006FC34F /* Recipes.app */;
			productType = "com.apple.product-type.application";
		};
/* End PBXNativeTarget section */

/* Begin PBXProject section */
		5E81AB1B29EFAB3F006FC34F /* Project object */ = {
			isa = PBXProject;
			attributes = {
				BuildIndependentTargetsInParallel = 1;
				LastSwiftUpdateCheck = 1430;
				LastUpgradeCheck = 1430;
				TargetAttributes = {
					5E81AB2229EFAB3F006FC34F = {
						CreatedOnToolsVersion = 14.3;
					};
				};
			};
			buildConfigurationList = 5E81AB1E29EFAB3F006FC34F /* Build configuration list for PBXProject "Recipes" */;
			compatibilityVersion = "Xcode 14.0";
			developmentRegion = en;
			hasScannedForEncodings = 0;
			knownRegions = (
				en,
				Base,
			);
			mainGroup = 5E81AB1A29EFAB3F006FC34F;
			productRefGroup = 5E81AB2429EFAB3F006FC34F /* Products */;
			projectDirPath = "";
			projectRoot = "";
			targets = (
				5E81AB2229EFAB3F006FC34F /* Recipes */,
			);
		};
/* End PBXProject section */

/* Begin PBXResourcesBuildPhase section */
		5E81AB2129EFAB3F006FC34F /* Resources */ = {
			isa = PBXResourcesBuildPhase;
			buildActionMask = 2147483647;
			files = (
				5E81AB2E29EFAB40006FC34F /* Preview Assets.xcassets in Resources */,
				5E81AB3529EFAB81006FC34F /* recipes.json in Resources */,
				5E81AB2B29EFAB40006FC34F /* Assets.xcassets in Resources */,
			);
			runOnlyForDeploymentPostprocessing = 0;
		};
/* End PBXResourcesBuildPhase section */

/* Begin PBXSourcesBuildPhase section */
		5E81AB1F29EFAB3F006FC34F /* Sources */ = {
			isa = PBXSourcesBuildPhase;
			buildActionMask = 2147483647;
			files = (
				5EFEB49429F8EA59006EB431 /* RecipeTabView.swift in Sources */,
				5E81AB3E29EFBA11006FC34F /* Recipe.swift in Sources */,
				5E21AA232A00C71400802A1A /* Rational.swift in Sources */,
				5E01ED9429F1039500DCFC42 /* RecipeDetailView.swift in Sources */,
				5E81AB4029EFBCF5006FC34F /* RecipeModel.swift in Sources */,
				5E81AB2929EFAB3F006FC34F /* RecipeListView.swift in Sources */,
				5E81AB2729EFAB3F006FC34F /* RecipesApp.swift in Sources */,
				5E21AA252A022DAF00802A1A /* HighlightsView.swift in Sources */,
				5E81AB4229EFBEE7006FC34F /* DataService.swift in Sources */,
				5EFEB49229F8EA2D006EB431 /* FeaturesView.swift in Sources */,
			);
			runOnlyForDeploymentPostprocessing = 0;
		};
/* End PBXSourcesBuildPhase section */

/* Begin XCBuildConfiguration section */
		5E81AB2F29EFAB40006FC34F /* Debug */ = {
			isa = XCBuildConfiguration;
			buildSettings = {
				ALWAYS_SEARCH_USER_PATHS = NO;
				CLANG_ANALYZER_NONNULL = YES;
				CLANG_ANALYZER_NUMBER_OBJECT_CONVERSION = YES_AGGRESSIVE;
				CLANG_CXX_LANGUAGE_STANDARD = "gnu++20";
				CLANG_ENABLE_MODULES = YES;
				CLANG_ENABLE_OBJC_ARC = YES;
				CLANG_ENABLE_OBJC_WEAK = YES;
				CLANG_WARN_BLOCK_CAPTURE_AUTORELEASING = YES;
				CLANG_WARN_BOOL_CONVERSION = YES;
				CLANG_WARN_COMMA = YES;
				CLANG_WARN_CONSTANT_CONVERSION = YES;
				CLANG_WARN_DEPRECATED_OBJC_IMPLEMENTATIONS = YES;
				CLANG_WARN_DIRECT_OBJC_ISA_USAGE = YES_ERROR;
				CLANG_WARN_DOCUMENTATION_COMMENTS = YES;
				CLANG_WARN_EMPTY_BODY = YES;
				CLANG_WARN_ENUM_CONVERSION = YES;
				CLANG_WARN_INFINITE_RECURSION = YES;
				CLANG_WARN_INT_CONVERSION = YES;
				CLANG_WARN_NON_LITERAL_NULL_CONVERSION = YES;
				CLANG_WARN_OBJC_IMPLICIT_RETAIN_SELF = YES;
				CLANG_WARN_OBJC_LITERAL_CONVERSION = YES;
				CLANG_WARN_OBJC_ROOT_CLASS = YES_ERROR;
				CLANG_WARN_QUOTED_INCLUDE_IN_FRAMEWORK_HEADER = YES;
				CLANG_WARN_RANGE_LOOP_ANALYSIS = YES;
				CLANG_WARN_STRICT_PROTOTYPES = YES;
				CLANG_WARN_SUSPICIOUS_MOVE = YES;
				CLANG_WARN_UNGUARDED_AVAILABILITY = YES_AGGRESSIVE;
				CLANG_WARN_UNREACHABLE_CODE = YES;
				CLANG_WARN__DUPLICATE_METHOD_MATCH = YES;
				COPY_PHASE_STRIP = NO;
				DEBUG_INFORMATION_FORMAT = dwarf;
				ENABLE_STRICT_OBJC_MSGSEND = YES;
				ENABLE_TESTABILITY = YES;
				GCC_C_LANGUAGE_STANDARD = gnu11;
				GCC_DYNAMIC_NO_PIC = NO;
				GCC_NO_COMMON_BLOCKS = YES;
				GCC_OPTIMIZATION_LEVEL = 0;
				GCC_PREPROCESSOR_DEFINITIONS = (
					"DEBUG=1",
					"$(inherited)",
				);
				GCC_WARN_64_TO_32_BIT_CONVERSION = YES;
				GCC_WARN_ABOUT_RETURN_TYPE = YES_ERROR;
				GCC_WARN_UNDECLARED_SELECTOR = YES;
				GCC_WARN_UNINITIALIZED_AUTOS = YES_AGGRESSIVE;
				GCC_WARN_UNUSED_FUNCTION = YES;
				GCC_WARN_UNUSED_VARIABLE = YES;
				IPHONEOS_DEPLOYMENT_TARGET = 16.4;
				MTL_ENABLE_DEBUG_INFO = INCLUDE_SOURCE;
				MTL_FAST_MATH = YES;
				ONLY_ACTIVE_ARCH = YES;
				SDKROOT = iphoneos;
				SWIFT_ACTIVE_COMPILATION_CONDITIONS = DEBUG;
				SWIFT_OPTIMIZATION_LEVEL = "-Onone";
			};
			name = Debug;
		};
		5E81AB3029EFAB40006FC34F /* Release */ = {
			isa = XCBuildConfiguration;
			buildSettings = {
				ALWAYS_SEARCH_USER_PATHS = NO;
				CLANG_ANALYZER_NONNULL = YES;
				CLANG_ANALYZER_NUMBER_OBJECT_CONVERSION = YES_AGGRESSIVE;
				CLANG_CXX_LANGUAGE_STANDARD = "gnu++20";
				CLANG_ENABLE_MODULES = YES;
				CLANG_ENABLE_OBJC_ARC = YES;
				CLANG_ENABLE_OBJC_WEAK = YES;
				CLANG_WARN_BLOCK_CAPTURE_AUTORELEASING = YES;
				CLANG_WARN_BOOL_CONVERSION = YES;
				CLANG_WARN_COMMA = YES;
				CLANG_WARN_CONSTANT_CONVERSION = YES;
				CLANG_WARN_DEPRECATED_OBJC_IMPLEMENTATIONS = YES;
				CLANG_WARN_DIRECT_OBJC_ISA_USAGE = YES_ERROR;
				CLANG_WARN_DOCUMENTATION_COMMENTS = YES;
				CLANG_WARN_EMPTY_BODY = YES;
				CLANG_WARN_ENUM_CONVERSION = YES;
				CLANG_WARN_INFINITE_RECURSION = YES;
				CLANG_WARN_INT_CONVERSION = YES;
				CLANG_WARN_NON_LITERAL_NULL_CONVERSION = YES;
				CLANG_WARN_OBJC_IMPLICIT_RETAIN_SELF = YES;
				CLANG_WARN_OBJC_LITERAL_CONVERSION = YES;
				CLANG_WARN_OBJC_ROOT_CLASS = YES_ERROR;
				CLANG_WARN_QUOTED_INCLUDE_IN_FRAMEWORK_HEADER = YES;
				CLANG_WARN_RANGE_LOOP_ANALYSIS = YES;
				CLANG_WARN_STRICT_PROTOTYPES = YES;
				CLANG_WARN_SUSPICIOUS_MOVE = YES;
				CLANG_WARN_UNGUARDED_AVAILABILITY = YES_AGGRESSIVE;
				CLANG_WARN_UNREACHABLE_CODE = YES;
				CLANG_WARN__DUPLICATE_METHOD_MATCH = YES;
				COPY_PHASE_STRIP = NO;
				DEBUG_INFORMATION_FORMAT = "dwarf-with-dsym";
				ENABLE_NS_ASSERTIONS = NO;
				ENABLE_STRICT_OBJC_MSGSEND = YES;
				GCC_C_LANGUAGE_STANDARD = gnu11;
				GCC_NO_COMMON_BLOCKS = YES;
				GCC_WARN_64_TO_32_BIT_CONVERSION = YES;
				GCC_WARN_ABOUT_RETURN_TYPE = YES_ERROR;
				GCC_WARN_UNDECLARED_SELECTOR = YES;
				GCC_WARN_UNINITIALIZED_AUTOS = YES_AGGRESSIVE;
				GCC_WARN_UNUSED_FUNCTION = YES;
				GCC_WARN_UNUSED_VARIABLE = YES;
				IPHONEOS_DEPLOYMENT_TARGET = 16.4;
				MTL_ENABLE_DEBUG_INFO = NO;
				MTL_FAST_MATH = YES;
				SDKROOT = iphoneos;
				SWIFT_COMPILATION_MODE = wholemodule;
				SWIFT_OPTIMIZATION_LEVEL = "-O";
				VALIDATE_PRODUCT = YES;
			};
			name = Release;
		};
		5E81AB3229EFAB40006FC34F /* Debug */ = {
			isa = XCBuildConfiguration;
			buildSettings = {
				ASSETCATALOG_COMPILER_APPICON_NAME = AppIcon;
				ASSETCATALOG_COMPILER_GLOBAL_ACCENT_COLOR_NAME = AccentColor;
				CODE_SIGN_STYLE = Automatic;
				CURRENT_PROJECT_VERSION = 1;
				DEVELOPMENT_ASSET_PATHS = "\"Recipes/Preview Content\"";
				DEVELOPMENT_TEAM = WK8PT6JSP8;
				ENABLE_PREVIEWS = YES;
				GENERATE_INFOPLIST_FILE = YES;
				INFOPLIST_KEY_UIApplicationSceneManifest_Generation = YES;
				INFOPLIST_KEY_UIApplicationSupportsIndirectInputEvents = YES;
				INFOPLIST_KEY_UILaunchScreen_Generation = YES;
				INFOPLIST_KEY_UISupportedInterfaceOrientations_iPad = "UIInterfaceOrientationPortrait UIInterfaceOrientationPortraitUpsideDown UIInterfaceOrientationLandscapeLeft UIInterfaceOrientationLandscapeRight";
				INFOPLIST_KEY_UISupportedInterfaceOrientations_iPhone = "UIInterfaceOrientationPortrait UIInterfaceOrientationLandscapeLeft UIInterfaceOrientationLandscapeRight";
				LD_RUNPATH_SEARCH_PATHS = (
					"$(inherited)",
					"@executable_path/Frameworks",
				);
				MARKETING_VERSION = 1.0;
				PRODUCT_BUNDLE_IDENTIFIER = testing.Recipes;
				PRODUCT_NAME = "$(TARGET_NAME)";
				SWIFT_EMIT_LOC_STRINGS = YES;
				SWIFT_VERSION = 5.0;
				TARGETED_DEVICE_FAMILY = "1,2";
			};
			name = Debug;
		};
		5E81AB3329EFAB40006FC34F /* Release */ = {
			isa = XCBuildConfiguration;
			buildSettings = {
				ASSETCATALOG_COMPILER_APPICON_NAME = AppIcon;
				ASSETCATALOG_COMPILER_GLOBAL_ACCENT_COLOR_NAME = AccentColor;
				CODE_SIGN_STYLE = Automatic;
				CURRENT_PROJECT_VERSION = 1;
				DEVELOPMENT_ASSET_PATHS = "\"Recipes/Preview Content\"";
				DEVELOPMENT_TEAM = WK8PT6JSP8;
				ENABLE_PREVIEWS = YES;
				GENERATE_INFOPLIST_FILE = YES;
				INFOPLIST_KEY_UIApplicationSceneManifest_Generation = YES;
				INFOPLIST_KEY_UIApplicationSupportsIndirectInputEvents = YES;
				INFOPLIST_KEY_UILaunchScreen_Generation = YES;
				INFOPLIST_KEY_UISupportedInterfaceOrientations_iPad = "UIInterfaceOrientationPortrait UIInterfaceOrientationPortraitUpsideDown UIInterfaceOrientationLandscapeLeft UIInterfaceOrientationLandscapeRight";
				INFOPLIST_KEY_UISupportedInterfaceOrientations_iPhone = "UIInterfaceOrientationPortrait UIInterfaceOrientationLandscapeLeft UIInterfaceOrientationLandscapeRight";
				LD_RUNPATH_SEARCH_PATHS = (
					"$(inherited)",
					"@executable_path/Frameworks",
				);
				MARKETING_VERSION = 1.0;
				PRODUCT_BUNDLE_IDENTIFIER = testing.Recipes;
				PRODUCT_NAME = "$(TARGET_NAME)";
				SWIFT_EMIT_LOC_STRINGS = YES;
				SWIFT_VERSION = 5.0;
				TARGETED_DEVICE_FAMILY = "1,2";
			};
			name = Release;
		};
/* End XCBuildConfiguration section */

/* Begin XCConfigurationList section */
		5E81AB1E29EFAB3F006FC34F /* Build configuration list for PBXProject "Recipes" */ = {
			isa = XCConfigurationList;
			buildConfigurations = (
				5E81AB2F29EFAB40006FC34F /* Debug */,
				5E81AB3029EFAB40006FC34F /* Release */,
			);
			defaultConfigurationIsVisible = 0;
			defaultConfigurationName = Release;
		};
		5E81AB3129EFAB40006FC34F /* Build configuration list for PBXNativeTarget "Recipes" */ = {
			isa = XCConfigurationList;
			buildConfigurations = (
				5E81AB3229EFAB40006FC34F /* Debug */,
				5E81AB3329EFAB40006FC34F /* Release */,
			);
			defaultConfigurationIsVisible = 0;
			defaultConfigurationName = Release;
		};
/* End XCConfigurationList section */
	};
	rootObject = 5E81AB1B29EFAB3F006FC34F /* Project object */;
}
